{
  "name": "main",
  "version": "1.0.0",
  "lockfileVersion": 3,
  "requires": true,
  "packages": {
    "": {
      "name": "main",
      "version": "1.0.0",
      "dependencies": {
        "@simplewebauthn/browser": "^8.3.4"
      }
    },
    "node_modules/@simplewebauthn/browser": {
      "version": "8.3.4",
      "resolved": "https://registry.npmjs.org/@simplewebauthn/browser/-/browser-8.3.4.tgz",
      "integrity": "sha512-rO0hZ0ESD28bZl6Qe8k7RUuYvDLbsS6oPezkMMTtZ5vC80U07j4qBELKBzojDD6BsdL3dIJ9SExVp8E7pqQ5fA==",
      "dependencies": {
        "@simplewebauthn/typescript-types": "^8.3.4"
      }
    },
    "node_modules/@simplewebauthn/typescript-types": {
      "version": "8.3.4",
      "resolved": "https://registry.npmjs.org/@simplewebauthn/typescript-types/-/typescript-types-8.3.4.tgz",
      "integrity": "sha512-38xtca0OqfRVNloKBrFB5LEM6PN5vzFbJG6rAutPVrtGHFYxPdiV3btYWq0eAZAZmP+dqFPYJxJWeJrGfmYHng=="
    }
  }
}
